
Microsoft Visual Studio Solution File, Format Version 12.00
# Visual Studio Version 17
VisualStudioVersion = 17.4.33205.214
MinimumVisualStudioVersion = 10.0.40219.1
Project("{FAE04EC0-301F-11D3-BF4B-00C04F79EFBC}") = "GbxToolAPI", "GbxToolAPI\GbxToolAPI.csproj", "{C9B61C72-048A-44BA-A9D9-B2751CF480DE}"
EndProject
Project("{FAE04EC0-301F-11D3-BF4B-00C04F79EFBC}") = "GbxToolAPI.Lua", "GbxToolAPI.Lua\GbxToolAPI.Lua.csproj", "{95277FA4-A3E8-4940-A026-D60B258CA5CA}"
EndProject
Global
	GlobalSection(SolutionConfigurationPlatforms) = preSolution
		Debug|Any CPU = Debug|Any CPU
		Release|Any CPU = Release|Any CPU
	EndGlobalSection
	GlobalSection(ProjectConfigurationPlatforms) = postSolution
		{C9B61C72-048A-44BA-A9D9-B2751CF480DE}.Debug|Any CPU.ActiveCfg = Debug|Any CPU
		{C9B61C72-048A-44BA-A9D9-B2751CF480DE}.Debug|Any CPU.Build.0 = Debug|Any CPU
		{C9B61C72-048A-44BA-A9D9-B2751CF480DE}.Release|Any CPU.ActiveCfg = Release|Any CPU
		{C9B61C72-048A-44BA-A9D9-B2751CF480DE}.Release|Any CPU.Build.0 = Release|Any CPU
		{95277FA4-A3E8-4940-A026-D60B258CA5CA}.Debug|Any CPU.ActiveCfg = Debug|Any CPU
		{95277FA4-A3E8-4940-A026-D60B258CA5CA}.Debug|Any CPU.Build.0 = Debug|Any CPU
		{95277FA4-A3E8-4940-A026-D60B258CA5CA}.Release|Any CPU.ActiveCfg = Release|Any CPU
		{95277FA4-A3E8-4940-A026-D60B258CA5CA}.Release|Any CPU.Build.0 = Release|Any CPU
	EndGlobalSection
	GlobalSection(SolutionProperties) = preSolution
		HideSolutionNode = FALSE
	EndGlobalSection
	GlobalSection(ExtensibilityGlobals) = postSolution
		SolutionGuid = {7C5426F2-569A-4729-A80D-367B85FA31EA}
	EndGlobalSection
EndGlobal
